// !$*UTF8*$!
{
	archiveVersion = 1;
	classes = {
	};
	objectVersion = 46;
	objects = {

/* Begin PBXBuildFile section */
		4C5F0AB417C0A46900986423 /* 123-id-card.png in Resources */ = {isa = PBXBuildFile; fileRef = 4C5F0AB317C0A46900986423 /* 123-id-card.png */; };
		4CA98B1617C213BD00912C8F /* CFNetwork.framework in Frameworks */ = {isa = PBXBuildFile; fileRef = 4CA98B1517C213BD00912C8F /* CFNetwork.framework */; };
		4CA98B1817C2168B00912C8F /* MobileCoreServices.framework in Frameworks */ = {isa = PBXBuildFile; fileRef = 4CA98B1717C2168B00912C8F /* MobileCoreServices.framework */; };
		4CA98B1A17C2169A00912C8F /* SystemConfiguration.framework in Frameworks */ = {isa = PBXBuildFile; fileRef = 4CA98B1917C2169A00912C8F /* SystemConfiguration.framework */; };
		4CA98B1C17C216BD00912C8F /* libxml2.dylib in Frameworks */ = {isa = PBXBuildFile; fileRef = 4CA98B1B17C216BD00912C8F /* libxml2.dylib */; };
		4CA98B1E17C216C900912C8F /* libz.dylib in Frameworks */ = {isa = PBXBuildFile; fileRef = 4CA98B1D17C216C900912C8F /* libz.dylib */; };
		4CA98BB317C32B6200912C8F /* AFHTTPClient.m in Sources */ = {isa = PBXBuildFile; fileRef = 4CA98BA117C32B6200912C8F /* AFHTTPClient.m */; };
		4CA98BB417C32B6200912C8F /* AFHTTPRequestOperation.m in Sources */ = {isa = PBXBuildFile; fileRef = 4CA98BA317C32B6200912C8F /* AFHTTPRequestOperation.m */; };
		4CA98BB517C32B6200912C8F /* AFImageRequestOperation.m in Sources */ = {isa = PBXBuildFile; fileRef = 4CA98BA517C32B6200912C8F /* AFImageRequestOperation.m */; };
		4CA98BB617C32B6200912C8F /* AFJSONRequestOperation.m in Sources */ = {isa = PBXBuildFile; fileRef = 4CA98BA717C32B6200912C8F /* AFJSONRequestOperation.m */; };
		4CA98BB717C32B6200912C8F /* AFNetworkActivityIndicatorManager.m in Sources */ = {isa = PBXBuildFile; fileRef = 4CA98BA917C32B6200912C8F /* AFNetworkActivityIndicatorManager.m */; };
		4CA98BB817C32B6200912C8F /* AFPropertyListRequestOperation.m in Sources */ = {isa = PBXBuildFile; fileRef = 4CA98BAC17C32B6200912C8F /* AFPropertyListRequestOperation.m */; };
		4CA98BB917C32B6200912C8F /* AFURLConnectionOperation.m in Sources */ = {isa = PBXBuildFile; fileRef = 4CA98BAE17C32B6200912C8F /* AFURLConnectionOperation.m */; };
		4CA98BBA17C32B6200912C8F /* AFXMLRequestOperation.m in Sources */ = {isa = PBXBuildFile; fileRef = 4CA98BB017C32B6200912C8F /* AFXMLRequestOperation.m */; };
		4CA98BBB17C32B6200912C8F /* UIImageView+AFNetworking.m in Sources */ = {isa = PBXBuildFile; fileRef = 4CA98BB217C32B6200912C8F /* UIImageView+AFNetworking.m */; };
		4CA98BBD17C32C8700912C8F /* Security.framework in Frameworks */ = {isa = PBXBuildFile; fileRef = 4CA98BBC17C32C8700912C8F /* Security.framework */; };
		4CF5A14517BD198F005D1125 /* UIKit.framework in Frameworks */ = {isa = PBXBuildFile; fileRef = 4CF5A14417BD198F005D1125 /* UIKit.framework */; };
		4CF5A14717BD198F005D1125 /* Foundation.framework in Frameworks */ = {isa = PBXBuildFile; fileRef = 4CF5A14617BD198F005D1125 /* Foundation.framework */; };
		4CF5A14917BD1990005D1125 /* CoreGraphics.framework in Frameworks */ = {isa = PBXBuildFile; fileRef = 4CF5A14817BD198F005D1125 /* CoreGraphics.framework */; };
		4CF5A14F17BD1990005D1125 /* InfoPlist.strings in Resources */ = {isa = PBXBuildFile; fileRef = 4CF5A14D17BD1990005D1125 /* InfoPlist.strings */; };
		4CF5A15117BD1990005D1125 /* main.m in Sources */ = {isa = PBXBuildFile; fileRef = 4CF5A15017BD1990005D1125 /* main.m */; };
		4CF5A15517BD1990005D1125 /* AppDelegate.m in Sources */ = {isa = PBXBuildFile; fileRef = 4CF5A15417BD1990005D1125 /* AppDelegate.m */; };
		4CF5A15717BD1990005D1125 /* Default.png in Resources */ = {isa = PBXBuildFile; fileRef = 4CF5A15617BD1990005D1125 /* Default.png */; };
		4CF5A15917BD1990005D1125 /* Default@2x.png in Resources */ = {isa = PBXBuildFile; fileRef = 4CF5A15817BD1990005D1125 /* Default@2x.png */; };
		4CF5A15B17BD1990005D1125 /* Default-568h@2x.png in Resources */ = {isa = PBXBuildFile; fileRef = 4CF5A15A17BD1990005D1125 /* Default-568h@2x.png */; };
		4CF5A15E17BD1991005D1125 /* MainStoryboard_iPhone.storyboard in Resources */ = {isa = PBXBuildFile; fileRef = 4CF5A15C17BD1990005D1125 /* MainStoryboard_iPhone.storyboard */; };
		4CF5A16117BD1991005D1125 /* MainStoryboard_iPad.storyboard in Resources */ = {isa = PBXBuildFile; fileRef = 4CF5A15F17BD1991005D1125 /* MainStoryboard_iPad.storyboard */; };
		4CF5A16417BD1991005D1125 /* FirstViewController.m in Sources */ = {isa = PBXBuildFile; fileRef = 4CF5A16317BD1991005D1125 /* FirstViewController.m */; };
		4CF5A16617BD1991005D1125 /* first.png in Resources */ = {isa = PBXBuildFile; fileRef = 4CF5A16517BD1991005D1125 /* first.png */; };
		4CF5A16817BD1991005D1125 /* first@2x.png in Resources */ = {isa = PBXBuildFile; fileRef = 4CF5A16717BD1991005D1125 /* first@2x.png */; };
		4CF5A16B17BD1991005D1125 /* SecondViewController.m in Sources */ = {isa = PBXBuildFile; fileRef = 4CF5A16A17BD1991005D1125 /* SecondViewController.m */; };
		4CF5A16D17BD1991005D1125 /* second.png in Resources */ = {isa = PBXBuildFile; fileRef = 4CF5A16C17BD1991005D1125 /* second.png */; };
		4CF5A16F17BD1991005D1125 /* second@2x.png in Resources */ = {isa = PBXBuildFile; fileRef = 4CF5A16E17BD1991005D1125 /* second@2x.png */; };
		4CFB848E17BD2E30004358AE /* Icon＠2x.png in Resources */ = {isa = PBXBuildFile; fileRef = 4CFB848D17BD2E30004358AE /* Icon＠2x.png */; };
/* End PBXBuildFile section */

/* Begin PBXFileReference section */
		4C5F0AB317C0A46900986423 /* 123-id-card.png */ = {isa = PBXFileReference; lastKnownFileType = image.png; path = "123-id-card.png"; sourceTree = "<group>"; };
		4CA98B1517C213BD00912C8F /* CFNetwork.framework */ = {isa = PBXFileReference; lastKnownFileType = wrapper.framework; name = CFNetwork.framework; path = System/Library/Frameworks/CFNetwork.framework; sourceTree = SDKROOT; };
		4CA98B1717C2168B00912C8F /* MobileCoreServices.framework */ = {isa = PBXFileReference; lastKnownFileType = wrapper.framework; name = MobileCoreServices.framework; path = System/Library/Frameworks/MobileCoreServices.framework; sourceTree = SDKROOT; };
		4CA98B1917C2169A00912C8F /* SystemConfiguration.framework */ = {isa = PBXFileReference; lastKnownFileType = wrapper.framework; name = SystemConfiguration.framework; path = System/Library/Frameworks/SystemConfiguration.framework; sourceTree = SDKROOT; };
		4CA98B1B17C216BD00912C8F /* libxml2.dylib */ = {isa = PBXFileReference; lastKnownFileType = "compiled.mach-o.dylib"; name = libxml2.dylib; path = usr/lib/libxml2.dylib; sourceTree = SDKROOT; };
		4CA98B1D17C216C900912C8F /* libz.dylib */ = {isa = PBXFileReference; lastKnownFileType = "compiled.mach-o.dylib"; name = libz.dylib; path = usr/lib/libz.dylib; sourceTree = SDKROOT; };
		4CA98BA017C32B6200912C8F /* AFHTTPClient.h */ = {isa = PBXFileReference; fileEncoding = 4; lastKnownFileType = sourcecode.c.h; path = AFHTTPClient.h; sourceTree = "<group>"; };
		4CA98BA117C32B6200912C8F /* AFHTTPClient.m */ = {isa = PBXFileReference; fileEncoding = 4; lastKnownFileType = sourcecode.c.objc; path = AFHTTPClient.m; sourceTree = "<group>"; };
		4CA98BA217C32B6200912C8F /* AFHTTPRequestOperation.h */ = {isa = PBXFileReference; fileEncoding = 4; lastKnownFileType = sourcecode.c.h; path = AFHTTPRequestOperation.h; sourceTree = "<group>"; };
		4CA98BA317C32B6200912C8F /* AFHTTPRequestOperation.m */ = {isa = PBXFileReference; fileEncoding = 4; lastKnownFileType = sourcecode.c.objc; path = AFHTTPRequestOperation.m; sourceTree = "<group>"; };
		4CA98BA417C32B6200912C8F /* AFImageRequestOperation.h */ = {isa = PBXFileReference; fileEncoding = 4; lastKnownFileType = sourcecode.c.h; path = AFImageRequestOperation.h; sourceTree = "<group>"; };
		4CA98BA517C32B6200912C8F /* AFImageRequestOperation.m */ = {isa = PBXFileReference; fileEncoding = 4; lastKnownFileType = sourcecode.c.objc; path = AFImageRequestOperation.m; sourceTree = "<group>"; };
		4CA98BA617C32B6200912C8F /* AFJSONRequestOperation.h */ = {isa = PBXFileReference; fileEncoding = 4; lastKnownFileType = sourcecode.c.h; path = AFJSONRequestOperation.h; sourceTree = "<group>"; };
		4CA98BA717C32B6200912C8F /* AFJSONRequestOperation.m */ = {isa = PBXFileReference; fileEncoding = 4; lastKnownFileType = sourcecode.c.objc; path = AFJSONRequestOperation.m; sourceTree = "<group>"; };
		4CA98BA817C32B6200912C8F /* AFNetworkActivityIndicatorManager.h */ = {isa = PBXFileReference; fileEncoding = 4; lastKnownFileType = sourcecode.c.h; path = AFNetworkActivityIndicatorManager.h; sourceTree = "<group>"; };
		4CA98BA917C32B6200912C8F /* AFNetworkActivityIndicatorManager.m */ = {isa = PBXFileReference; fileEncoding = 4; lastKnownFileType = sourcecode.c.objc; path = AFNetworkActivityIndicatorManager.m; sourceTree = "<group>"; };
		4CA98BAA17C32B6200912C8F /* AFNetworking.h */ = {isa = PBXFileReference; fileEncoding = 4; lastKnownFileType = sourcecode.c.h; path = AFNetworking.h; sourceTree = "<group>"; };
		4CA98BAB17C32B6200912C8F /* AFPropertyListRequestOperation.h */ = {isa = PBXFileReference; fileEncoding = 4; lastKnownFileType = sourcecode.c.h; path = AFPropertyListRequestOperation.h; sourceTree = "<group>"; };
		4CA98BAC17C32B6200912C8F /* AFPropertyListRequestOperation.m */ = {isa = PBXFileReference; fileEncoding = 4; lastKnownFileType = sourcecode.c.objc; path = AFPropertyListRequestOperation.m; sourceTree = "<group>"; };
		4CA98BAD17C32B6200912C8F /* AFURLConnectionOperation.h */ = {isa = PBXFileReference; fileEncoding = 4; lastKnownFileType = sourcecode.c.h; path = AFURLConnectionOperation.h; sourceTree = "<group>"; };
		4CA98BAE17C32B6200912C8F /* AFURLConnectionOperation.m */ = {isa = PBXFileReference; fileEncoding = 4; lastKnownFileType = sourcecode.c.objc; path = AFURLConnectionOperation.m; sourceTree = "<group>"; };
		4CA98BAF17C32B6200912C8F /* AFXMLRequestOperation.h */ = {isa = PBXFileReference; fileEncoding = 4; lastKnownFileType = sourcecode.c.h; path = AFXMLRequestOperation.h; sourceTree = "<group>"; };
		4CA98BB017C32B6200912C8F /* AFXMLRequestOperation.m */ = {isa = PBXFileReference; fileEncoding = 4; lastKnownFileType = sourcecode.c.objc; path = AFXMLRequestOperation.m; sourceTree = "<group>"; };
		4CA98BB117C32B6200912C8F /* UIImageView+AFNetworking.h */ = {isa = PBXFileReference; fileEncoding = 4; lastKnownFileType = sourcecode.c.h; path = "UIImageView+AFNetworking.h"; sourceTree = "<group>"; };
		4CA98BB217C32B6200912C8F /* UIImageView+AFNetworking.m */ = {isa = PBXFileReference; fileEncoding = 4; lastKnownFileType = sourcecode.c.objc; path = "UIImageView+AFNetworking.m"; sourceTree = "<group>"; };
		4CA98BBC17C32C8700912C8F /* Security.framework */ = {isa = PBXFileReference; lastKnownFileType = wrapper.framework; name = Security.framework; path = System/Library/Frameworks/Security.framework; sourceTree = SDKROOT; };
		4CF5A14117BD198F005D1125 /* 爱玩.app */ = {isa = PBXFileReference; explicitFileType = wrapper.application; includeInIndex = 0; path = "爱玩.app"; sourceTree = BUILT_PRODUCTS_DIR; };
		4CF5A14417BD198F005D1125 /* UIKit.framework */ = {isa = PBXFileReference; lastKnownFileType = wrapper.framework; name = UIKit.framework; path = System/Library/Frameworks/UIKit.framework; sourceTree = SDKROOT; };
		4CF5A14617BD198F005D1125 /* Foundation.framework */ = {isa = PBXFileReference; lastKnownFileType = wrapper.framework; name = Foundation.framework; path = System/Library/Frameworks/Foundation.framework; sourceTree = SDKROOT; };
		4CF5A14817BD198F005D1125 /* CoreGraphics.framework */ = {isa = PBXFileReference; lastKnownFileType = wrapper.framework; name = CoreGraphics.framework; path = System/Library/Frameworks/CoreGraphics.framework; sourceTree = SDKROOT; };
		4CF5A14C17BD1990005D1125 /* aiwan-Info.plist */ = {isa = PBXFileReference; lastKnownFileType = text.plist.xml; path = "aiwan-Info.plist"; sourceTree = "<group>"; };
		4CF5A14E17BD1990005D1125 /* en */ = {isa = PBXFileReference; lastKnownFileType = text.plist.strings; name = en; path = en.lproj/InfoPlist.strings; sourceTree = "<group>"; };
		4CF5A15017BD1990005D1125 /* main.m */ = {isa = PBXFileReference; lastKnownFileType = sourcecode.c.objc; path = main.m; sourceTree = "<group>"; };
		4CF5A15217BD1990005D1125 /* aiwan-Prefix.pch */ = {isa = PBXFileReference; lastKnownFileType = sourcecode.c.h; path = "aiwan-Prefix.pch"; sourceTree = "<group>"; };
		4CF5A15317BD1990005D1125 /* AppDelegate.h */ = {isa = PBXFileReference; lastKnownFileType = sourcecode.c.h; path = AppDelegate.h; sourceTree = "<group>"; };
		4CF5A15417BD1990005D1125 /* AppDelegate.m */ = {isa = PBXFileReference; lastKnownFileType = sourcecode.c.objc; path = AppDelegate.m; sourceTree = "<group>"; };
		4CF5A15617BD1990005D1125 /* Default.png */ = {isa = PBXFileReference; lastKnownFileType = image.png; path = Default.png; sourceTree = "<group>"; };
		4CF5A15817BD1990005D1125 /* Default@2x.png */ = {isa = PBXFileReference; lastKnownFileType = image.png; path = "Default@2x.png"; sourceTree = "<group>"; };
		4CF5A15A17BD1990005D1125 /* Default-568h@2x.png */ = {isa = PBXFileReference; lastKnownFileType = image.png; path = "Default-568h@2x.png"; sourceTree = "<group>"; };
		4CF5A15D17BD1991005D1125 /* en */ = {isa = PBXFileReference; lastKnownFileType = file.storyboard; name = en; path = en.lproj/MainStoryboard_iPhone.storyboard; sourceTree = "<group>"; };
		4CF5A16017BD1991005D1125 /* en */ = {isa = PBXFileReference; lastKnownFileType = file.storyboard; name = en; path = en.lproj/MainStoryboard_iPad.storyboard; sourceTree = "<group>"; };
		4CF5A16217BD1991005D1125 /* FirstViewController.h */ = {isa = PBXFileReference; lastKnownFileType = sourcecode.c.h; path = FirstViewController.h; sourceTree = "<group>"; };
		4CF5A16317BD1991005D1125 /* FirstViewController.m */ = {isa = PBXFileReference; lastKnownFileType = sourcecode.c.objc; path = FirstViewController.m; sourceTree = "<group>"; };
		4CF5A16517BD1991005D1125 /* first.png */ = {isa = PBXFileReference; lastKnownFileType = image.png; path = first.png; sourceTree = "<group>"; };
		4CF5A16717BD1991005D1125 /* first@2x.png */ = {isa = PBXFileReference; lastKnownFileType = image.png; path = "first@2x.png"; sourceTree = "<group>"; };
		4CF5A16917BD1991005D1125 /* SecondViewController.h */ = {isa = PBXFileReference; lastKnownFileType = sourcecode.c.h; path = SecondViewController.h; sourceTree = "<group>"; };
		4CF5A16A17BD1991005D1125 /* SecondViewController.m */ = {isa = PBXFileReference; lastKnownFileType = sourcecode.c.objc; path = SecondViewController.m; sourceTree = "<group>"; };
		4CF5A16C17BD1991005D1125 /* second.png */ = {isa = PBXFileReference; lastKnownFileType = image.png; path = second.png; sourceTree = "<group>"; };
		4CF5A16E17BD1991005D1125 /* second@2x.png */ = {isa = PBXFileReference; lastKnownFileType = image.png; path = "second@2x.png"; sourceTree = "<group>"; };
		4CF5A17617BD1992005D1125 /* SenTestingKit.framework */ = {isa = PBXFileReference; lastKnownFileType = wrapper.framework; name = SenTestingKit.framework; path = Library/Frameworks/SenTestingKit.framework; sourceTree = DEVELOPER_DIR; };
		4CFB848D17BD2E30004358AE /* Icon＠2x.png */ = {isa = PBXFileReference; lastKnownFileType = image.png; name = "Icon＠2x.png"; path = "../Icon＠2x.png"; sourceTree = "<group>"; };
/* End PBXFileReference section */

/* Begin PBXFrameworksBuildPhase section */
		4CF5A13E17BD198F005D1125 /* Frameworks */ = {
			isa = PBXFrameworksBuildPhase;
			buildActionMask = 2147483647;
			files = (
				4CA98BBD17C32C8700912C8F /* Security.framework in Frameworks */,
				4CA98B1E17C216C900912C8F /* libz.dylib in Frameworks */,
				4CA98B1C17C216BD00912C8F /* libxml2.dylib in Frameworks */,
				4CA98B1A17C2169A00912C8F /* SystemConfiguration.framework in Frameworks */,
				4CA98B1817C2168B00912C8F /* MobileCoreServices.framework in Frameworks */,
				4CA98B1617C213BD00912C8F /* CFNetwork.framework in Frameworks */,
				4CF5A14517BD198F005D1125 /* UIKit.framework in Frameworks */,
				4CF5A14717BD198F005D1125 /* Foundation.framework in Frameworks */,
				4CF5A14917BD1990005D1125 /* CoreGraphics.framework in Frameworks */,
			);
			runOnlyForDeploymentPostprocessing = 0;
		};
/* End PBXFrameworksBuildPhase section */

/* Begin PBXGroup section */
		4C5F0AB217C0A46900986423 /* resources */ = {
			isa = PBXGroup;
			children = (
				4C5F0AB317C0A46900986423 /* 123-id-card.png */,
			);
			path = resources;
			sourceTree = "<group>";
		};
		4CA98B9F17C32B6200912C8F /* AFNetworking */ = {
			isa = PBXGroup;
			children = (
				4CA98BA017C32B6200912C8F /* AFHTTPClient.h */,
				4CA98BA117C32B6200912C8F /* AFHTTPClient.m */,
				4CA98BA217C32B6200912C8F /* AFHTTPRequestOperation.h */,
				4CA98BA317C32B6200912C8F /* AFHTTPRequestOperation.m */,
				4CA98BA417C32B6200912C8F /* AFImageRequestOperation.h */,
				4CA98BA517C32B6200912C8F /* AFImageRequestOperation.m */,
				4CA98BA617C32B6200912C8F /* AFJSONRequestOperation.h */,
				4CA98BA717C32B6200912C8F /* AFJSONRequestOperation.m */,
				4CA98BA817C32B6200912C8F /* AFNetworkActivityIndicatorManager.h */,
				4CA98BA917C32B6200912C8F /* AFNetworkActivityIndicatorManager.m */,
				4CA98BAA17C32B6200912C8F /* AFNetworking.h */,
				4CA98BAB17C32B6200912C8F /* AFPropertyListRequestOperation.h */,
				4CA98BAC17C32B6200912C8F /* AFPropertyListRequestOperation.m */,
				4CA98BAD17C32B6200912C8F /* AFURLConnectionOperation.h */,
				4CA98BAE17C32B6200912C8F /* AFURLConnectionOperation.m */,
				4CA98BAF17C32B6200912C8F /* AFXMLRequestOperation.h */,
				4CA98BB017C32B6200912C8F /* AFXMLRequestOperation.m */,
				4CA98BB117C32B6200912C8F /* UIImageView+AFNetworking.h */,
				4CA98BB217C32B6200912C8F /* UIImageView+AFNetworking.m */,
			);
			path = AFNetworking;
			sourceTree = "<group>";
		};
		4CF5A13817BD198F005D1125 = {
			isa = PBXGroup;
			children = (
				4CA98B9F17C32B6200912C8F /* AFNetworking */,
				4C5F0AB217C0A46900986423 /* resources */,
				4CF5A14A17BD1990005D1125 /* aiwan */,
				4CF5A14317BD198F005D1125 /* Frameworks */,
				4CF5A14217BD198F005D1125 /* Products */,
			);
			sourceTree = "<group>";
		};
		4CF5A14217BD198F005D1125 /* Products */ = {
			isa = PBXGroup;
			children = (
				4CF5A14117BD198F005D1125 /* 爱玩.app */,
			);
			name = Products;
			sourceTree = "<group>";
		};
		4CF5A14317BD198F005D1125 /* Frameworks */ = {
			isa = PBXGroup;
			children = (
				4CA98BBC17C32C8700912C8F /* Security.framework */,
				4CA98B1D17C216C900912C8F /* libz.dylib */,
				4CA98B1B17C216BD00912C8F /* libxml2.dylib */,
				4CA98B1917C2169A00912C8F /* SystemConfiguration.framework */,
				4CA98B1717C2168B00912C8F /* MobileCoreServices.framework */,
				4CA98B1517C213BD00912C8F /* CFNetwork.framework */,
				4CF5A14417BD198F005D1125 /* UIKit.framework */,
				4CF5A14617BD198F005D1125 /* Foundation.framework */,
				4CF5A14817BD198F005D1125 /* CoreGraphics.framework */,
				4CF5A17617BD1992005D1125 /* SenTestingKit.framework */,
			);
			name = Frameworks;
			sourceTree = "<group>";
		};
		4CF5A14A17BD1990005D1125 /* aiwan */ = {
			isa = PBXGroup;
			children = (
				4CF5A16A17BD1991005D1125 /* SecondViewController.m */,
				4CF5A15317BD1990005D1125 /* AppDelegate.h */,
				4CF5A15417BD1990005D1125 /* AppDelegate.m */,
				4CF5A15C17BD1990005D1125 /* MainStoryboard_iPhone.storyboard */,
				4CF5A15F17BD1991005D1125 /* MainStoryboard_iPad.storyboard */,
				4CF5A16217BD1991005D1125 /* FirstViewController.h */,
				4CF5A16317BD1991005D1125 /* FirstViewController.m */,
				4CF5A16517BD1991005D1125 /* first.png */,
				4CF5A16717BD1991005D1125 /* first@2x.png */,
				4CF5A16917BD1991005D1125 /* SecondViewController.h */,
				4CF5A16C17BD1991005D1125 /* second.png */,
				4CF5A16E17BD1991005D1125 /* second@2x.png */,
				4CF5A14B17BD1990005D1125 /* Supporting Files */,
			);
			path = aiwan;
			sourceTree = "<group>";
		};
		4CF5A14B17BD1990005D1125 /* Supporting Files */ = {
			isa = PBXGroup;
			children = (
				4CFB848D17BD2E30004358AE /* Icon＠2x.png */,
				4CF5A14C17BD1990005D1125 /* aiwan-Info.plist */,
				4CF5A14D17BD1990005D1125 /* InfoPlist.strings */,
				4CF5A15017BD1990005D1125 /* main.m */,
				4CF5A15217BD1990005D1125 /* aiwan-Prefix.pch */,
				4CF5A15617BD1990005D1125 /* Default.png */,
				4CF5A15817BD1990005D1125 /* Default@2x.png */,
				4CF5A15A17BD1990005D1125 /* Default-568h@2x.png */,
			);
			name = "Supporting Files";
			sourceTree = "<group>";
		};
/* End PBXGroup section */

/* Begin PBXNativeTarget section */
		4CF5A14017BD198F005D1125 /* aiwan */ = {
			isa = PBXNativeTarget;
			buildConfigurationList = 4CF5A18717BD1993005D1125 /* Build configuration list for PBXNativeTarget "aiwan" */;
			buildPhases = (
				4CF5A13D17BD198F005D1125 /* Sources */,
				4CF5A13E17BD198F005D1125 /* Frameworks */,
				4CF5A13F17BD198F005D1125 /* Resources */,
			);
			buildRules = (
			);
			dependencies = (
			);
			name = aiwan;
			productName = aiwan;
			productReference = 4CF5A14117BD198F005D1125 /* 爱玩.app */;
			productType = "com.apple.product-type.application";
		};
/* End PBXNativeTarget section */

/* Begin PBXProject section */
		4CF5A13917BD198F005D1125 /* Project object */ = {
			isa = PBXProject;
			attributes = {
				LastUpgradeCheck = 0460;
				ORGANIZATIONNAME = "贾 金平";
			};
			buildConfigurationList = 4CF5A13C17BD198F005D1125 /* Build configuration list for PBXProject "aiwan" */;
			compatibilityVersion = "Xcode 3.2";
			developmentRegion = English;
			hasScannedForEncodings = 0;
			knownRegions = (
				en,
			);
			mainGroup = 4CF5A13817BD198F005D1125;
			productRefGroup = 4CF5A14217BD198F005D1125 /* Products */;
			projectDirPath = "";
			projectRoot = "";
			targets = (
				4CF5A14017BD198F005D1125 /* aiwan */,
			);
		};
/* End PBXProject section */

/* Begin PBXResourcesBuildPhase section */
		4CF5A13F17BD198F005D1125 /* Resources */ = {
			isa = PBXResourcesBuildPhase;
			buildActionMask = 2147483647;
			files = (
				4CF5A14F17BD1990005D1125 /* InfoPlist.strings in Resources */,
				4CF5A15717BD1990005D1125 /* Default.png in Resources */,
				4CF5A15917BD1990005D1125 /* Default@2x.png in Resources */,
				4CF5A15B17BD1990005D1125 /* Default-568h@2x.png in Resources */,
				4CF5A15E17BD1991005D1125 /* MainStoryboard_iPhone.storyboard in Resources */,
				4CF5A16117BD1991005D1125 /* MainStoryboard_iPad.storyboard in Resources */,
				4CF5A16617BD1991005D1125 /* first.png in Resources */,
				4CF5A16817BD1991005D1125 /* first@2x.png in Resources */,
				4CF5A16D17BD1991005D1125 /* second.png in Resources */,
				4CF5A16F17BD1991005D1125 /* second@2x.png in Resources */,
				4CFB848E17BD2E30004358AE /* Icon＠2x.png in Resources */,
				4C5F0AB417C0A46900986423 /* 123-id-card.png in Resources */,
			);
			runOnlyForDeploymentPostprocessing = 0;
		};
/* End PBXResourcesBuildPhase section */

/* Begin PBXSourcesBuildPhase section */
		4CF5A13D17BD198F005D1125 /* Sources */ = {
			isa = PBXSourcesBuildPhase;
			buildActionMask = 2147483647;
			files = (
				4CF5A15117BD1990005D1125 /* main.m in Sources */,
				4CF5A15517BD1990005D1125 /* AppDelegate.m in Sources */,
				4CF5A16417BD1991005D1125 /* FirstViewController.m in Sources */,
				4CF5A16B17BD1991005D1125 /* SecondViewController.m in Sources */,
				4CA98BB317C32B6200912C8F /* AFHTTPClient.m in Sources */,
				4CA98BB417C32B6200912C8F /* AFHTTPRequestOperation.m in Sources */,
				4CA98BB517C32B6200912C8F /* AFImageRequestOperation.m in Sources */,
				4CA98BB617C32B6200912C8F /* AFJSONRequestOperation.m in Sources */,
				4CA98BB717C32B6200912C8F /* AFNetworkActivityIndicatorManager.m in Sources */,
				4CA98BB817C32B6200912C8F /* AFPropertyListRequestOperation.m in Sources */,
				4CA98BB917C32B6200912C8F /* AFURLConnectionOperation.m in Sources */,
				4CA98BBA17C32B6200912C8F /* AFXMLRequestOperation.m in Sources */,
				4CA98BBB17C32B6200912C8F /* UIImageView+AFNetworking.m in Sources */,
			);
			runOnlyForDeploymentPostprocessing = 0;
		};
/* End PBXSourcesBuildPhase section */

/* Begin PBXVariantGroup section */
		4CF5A14D17BD1990005D1125 /* InfoPlist.strings */ = {
			isa = PBXVariantGroup;
			children = (
				4CF5A14E17BD1990005D1125 /* en */,
			);
			name = InfoPlist.strings;
			sourceTree = "<group>";
		};
		4CF5A15C17BD1990005D1125 /* MainStoryboard_iPhone.storyboard */ = {
			isa = PBXVariantGroup;
			children = (
				4CF5A15D17BD1991005D1125 /* en */,
			);
			name = MainStoryboard_iPhone.storyboard;
			sourceTree = "<group>";
		};
		4CF5A15F17BD1991005D1125 /* MainStoryboard_iPad.storyboard */ = {
			isa = PBXVariantGroup;
			children = (
				4CF5A16017BD1991005D1125 /* en */,
			);
			name = MainStoryboard_iPad.storyboard;
			sourceTree = "<group>";
		};
/* End PBXVariantGroup section */

/* Begin XCBuildConfiguration section */
		4CF5A18517BD1993005D1125 /* Debug */ = {
			isa = XCBuildConfiguration;
			buildSettings = {
				ALWAYS_SEARCH_USER_PATHS = NO;
				CLANG_CXX_LANGUAGE_STANDARD = "gnu++0x";
				CLANG_CXX_LIBRARY = "libc++";
				CLANG_ENABLE_OBJC_ARC = YES;
				CLANG_WARN_CONSTANT_CONVERSION = YES;
				CLANG_WARN_EMPTY_BODY = YES;
				CLANG_WARN_ENUM_CONVERSION = YES;
				CLANG_WARN_INT_CONVERSION = YES;
				CLANG_WARN__DUPLICATE_METHOD_MATCH = YES;
				CODE_SIGN_IDENTITY = "iPhone Developer: hanfan li (DHWLQX69UF)";
				"CODE_SIGN_IDENTITY[sdk=iphoneos*]" = "iPhone Developer: hanfan li (DHWLQX69UF)";
				COPY_PHASE_STRIP = NO;
				GCC_C_LANGUAGE_STANDARD = gnu99;
				GCC_DYNAMIC_NO_PIC = NO;
				GCC_OPTIMIZATION_LEVEL = 0;
				GCC_PREPROCESSOR_DEFINITIONS = (
					"DEBUG=1",
					"$(inherited)",
				);
				GCC_SYMBOLS_PRIVATE_EXTERN = NO;
				GCC_WARN_ABOUT_RETURN_TYPE = YES;
				GCC_WARN_UNINITIALIZED_AUTOS = YES;
				GCC_WARN_UNUSED_VARIABLE = YES;
				IPHONEOS_DEPLOYMENT_TARGET = 6.1;
				ONLY_ACTIVE_ARCH = YES;
				PROVISIONING_PROFILE = "E41DFB6E-E2A4-4004-A333-A0FB81E15793";
				"PROVISIONING_PROFILE[sdk=iphoneos*]" = "E41DFB6E-E2A4-4004-A333-A0FB81E15793";
				SDKROOT = iphoneos;
				TARGETED_DEVICE_FAMILY = "1,2";
			};
			name = Debug;
		};
		4CF5A18617BD1993005D1125 /* Release */ = {
			isa = XCBuildConfiguration;
			buildSettings = {
				ALWAYS_SEARCH_USER_PATHS = NO;
				CLANG_CXX_LANGUAGE_STANDARD = "gnu++0x";
				CLANG_CXX_LIBRARY = "libc++";
				CLANG_ENABLE_OBJC_ARC = YES;
				CLANG_WARN_CONSTANT_CONVERSION = YES;
				CLANG_WARN_EMPTY_BODY = YES;
				CLANG_WARN_ENUM_CONVERSION = YES;
				CLANG_WARN_INT_CONVERSION = YES;
				CLANG_WARN__DUPLICATE_METHOD_MATCH = YES;
				CODE_SIGN_IDENTITY = "iPhone Developer: hanfan li (DHWLQX69UF)";
				"CODE_SIGN_IDENTITY[sdk=iphoneos*]" = "iPhone Developer: hanfan li (DHWLQX69UF)";
				COPY_PHASE_STRIP = YES;
				GCC_C_LANGUAGE_STANDARD = gnu99;
				GCC_WARN_ABOUT_RETURN_TYPE = YES;
				GCC_WARN_UNINITIALIZED_AUTOS = YES;
				GCC_WARN_UNUSED_VARIABLE = YES;
				IPHONEOS_DEPLOYMENT_TARGET = 6.1;
				OTHER_CFLAGS = "-DNS_BLOCK_ASSERTIONS=1";
				PROVISIONING_PROFILE = "E41DFB6E-E2A4-4004-A333-A0FB81E15793";
				"PROVISIONING_PROFILE[sdk=iphoneos*]" = "E41DFB6E-E2A4-4004-A333-A0FB81E15793";
				SDKROOT = iphoneos;
				TARGETED_DEVICE_FAMILY = "1,2";
				VALIDATE_PRODUCT = YES;
			};
			name = Release;
		};
		4CF5A18817BD1993005D1125 /* Debug */ = {
			isa = XCBuildConfiguration;
			buildSettings = {
				GCC_PRECOMPILE_PREFIX_HEADER = YES;
				GCC_PREFIX_HEADER = "aiwan/aiwan-Prefix.pch";
				INFOPLIST_FILE = "aiwan/aiwan-Info.plist";
				PRODUCT_NAME = "爱玩";
				WRAPPER_EXTENSION = app;
			};
			name = Debug;
		};
		4CF5A18917BD1993005D1125 /* Release */ = {
			isa = XCBuildConfiguration;
			buildSettings = {
				GCC_PRECOMPILE_PREFIX_HEADER = YES;
				GCC_PREFIX_HEADER = "aiwan/aiwan-Prefix.pch";
				INFOPLIST_FILE = "aiwan/aiwan-Info.plist";
				PRODUCT_NAME = "爱玩";
				WRAPPER_EXTENSION = app;
			};
			name = Release;
		};
/* End XCBuildConfiguration section */

/* Begin XCConfigurationList section */
		4CF5A13C17BD198F005D1125 /* Build configuration list for PBXProject "aiwan" */ = {
			isa = XCConfigurationList;
			buildConfigurations = (
				4CF5A18517BD1993005D1125 /* Debug */,
				4CF5A18617BD1993005D1125 /* Release */,
			);
			defaultConfigurationIsVisible = 0;
			defaultConfigurationName = Release;
		};
		4CF5A18717BD1993005D1125 /* Build configuration list for PBXNativeTarget "aiwan" */ = {
			isa = XCConfigurationList;
			buildConfigurations = (
				4CF5A18817BD1993005D1125 /* Debug */,
				4CF5A18917BD1993005D1125 /* Release */,
			);
			defaultConfigurationIsVisible = 0;
			defaultConfigurationName = Release;
		};
/* End XCConfigurationList section */
	};
	rootObject = 4CF5A13917BD198F005D1125 /* Project object */;
}
